
Microsoft Visual Studio Solution File, Format Version 12.00
# Visual Studio 15
VisualStudioVersion = 15.0.27130.2036
MinimumVisualStudioVersion = 10.0.40219.1
Project("{FAE04EC0-301F-11D3-BF4B-00C04F79EFBC}") = "MemberManagement.AppCore", "MemberManagement.AppCore\MemberManagement.AppCore.csproj", "{D453C875-DB44-4075-A945-F9644884FF66}"
EndProject
Global
	GlobalSection(SolutionConfigurationPlatforms) = preSolution
		Debug|Any CPU = Debug|Any CPU
		Release|Any CPU = Release|Any CPU
	EndGlobalSection
	GlobalSection(ProjectConfigurationPlatforms) = postSolution
		{D453C875-DB44-4075-A945-F9644884FF66}.Debug|Any CPU.ActiveCfg = Debug|Any CPU
		{D453C875-DB44-4075-A945-F9644884FF66}.Debug|Any CPU.Build.0 = Debug|Any CPU
		{D453C875-DB44-4075-A945-F9644884FF66}.Release|Any CPU.ActiveCfg = Release|Any CPU
		{D453C875-DB44-4075-A945-F9644884FF66}.Release|Any CPU.Build.0 = Release|Any CPU
	EndGlobalSection
	GlobalSection(SolutionProperties) = preSolution
		HideSolutionNode = FALSE
	EndGlobalSection
	GlobalSection(ExtensibilityGlobals) = postSolution
		SolutionGuid = {DDC86CCA-E746-4A79-B69E-FA334F9281B3}
	EndGlobalSection
EndGlobal
